# THIS IS AN AUTOGENERATED FILE. DO NOT EDIT THIS FILE DIRECTLY.
# yarn lockfile v1


"@wx/core-locales@1.1.3":
  version "1.1.3"
  resolved "https://npm.svar.dev/@wx%2fcore-locales/-/core-locales-1.1.3.tgz#e3cd9cf38b8297fcc4d2eabcad649f4bb1a4c1f8"
  integrity sha512-BjF7p44DNO4gDJeYOX19quggR9Uk4EIB4H3E1D6aSrCrnPPPaLOrv+XEYuzWP73eMeV+PIdKQN+NGbaonEY88w==

"@wx/lib-dom@^0.5.0":
  version "0.5.0"
  resolved "https://npm.svar.dev/@wx%2flib-dom/-/lib-dom-0.5.0.tgz#cc10e1e725f733fd50cf44bb375036f5e65fb788"
  integrity sha512-aHNr+2/ml++3f5CAA4W8D6/EDz53MDo2FxiPiSMaJ6X5kJFMwF/ZtOISTpes+Rq6qqRM3K9mCXwwPrcaUctF4Q==

"@wx/svelte-core@*":
  version "1.1.3"
  resolved "https://npm.svar.dev/@wx%2fsvelte-core/-/svelte-core-1.1.3.tgz#a678f78c19d99552e327159be88e79e2af816117"
  integrity sha512-KX4VeHPGpQ34+hNZ68V/irBchgYZxzSf/ccp5nRcuIPbBkP5YwuRle4ju8B0KE3UjJ/Yy3a6j3FcUgy6luqtCA==
  dependencies:
    "@wx/core-locales" "1.1.3"
    "@wx/lib-dom" "^0.5.0"
